
Microsoft Visual Studio Solution File, Format Version 12.00
# Visual Studio Version 17
VisualStudioVersion = 17.11.35219.272
MinimumVisualStudioVersion = 10.0.40219.1
Project("{8BC9CEB8-8B4A-11D0-8D11-00A0C91BC942}") = "Poglavlje3.4.2", "Poglavlje3.4.2\Poglavlje3.4.2.vcxproj", "{5C242DE8-03D7-4ACD-B122-180ED8781E11}"
EndProject
Global
	GlobalSection(SolutionConfigurationPlatforms) = preSolution
		Debug|x64 = Debug|x64
		Debug|x86 = Debug|x86
		Release|x64 = Release|x64
		Release|x86 = Release|x86
	EndGlobalSection
	GlobalSection(ProjectConfigurationPlatforms) = postSolution
		{5C242DE8-03D7-4ACD-B122-180ED8781E11}.Debug|x64.ActiveCfg = Debug|x64
		{5C242DE8-03D7-4ACD-B122-180ED8781E11}.Debug|x64.Build.0 = Debug|x64
		{5C242DE8-03D7-4ACD-B122-180ED8781E11}.Debug|x86.ActiveCfg = Debug|Win32
		{5C242DE8-03D7-4ACD-B122-180ED8781E11}.Debug|x86.Build.0 = Debug|Win32
		{5C242DE8-03D7-4ACD-B122-180ED8781E11}.Release|x64.ActiveCfg = Release|x64
		{5C242DE8-03D7-4ACD-B122-180ED8781E11}.Release|x64.Build.0 = Release|x64
		{5C242DE8-03D7-4ACD-B122-180ED8781E11}.Release|x86.ActiveCfg = Release|Win32
		{5C242DE8-03D7-4ACD-B122-180ED8781E11}.Release|x86.Build.0 = Release|Win32
	EndGlobalSection
	GlobalSection(SolutionProperties) = preSolution
		HideSolutionNode = FALSE
	EndGlobalSection
	GlobalSection(ExtensibilityGlobals) = postSolution
		SolutionGuid = {6CEA9E0B-47CF-4F4C-B032-5CAF9DB6724A}
	EndGlobalSection
EndGlobal
